
Microsoft Visual Studio Solution File, Format Version 12.00
# Visual Studio Version 16
VisualStudioVersion = 16.0.30907.101
MinimumVisualStudioVersion = 10.0.40219.1
Project("{FAE04EC0-301F-11D3-BF4B-00C04F79EFBC}") = "AdventOfCode2021", "AdventOfCode2021\AdventOfCode2021.csproj", "{225A7C99-023C-4BF2-B86F-5B1EE2A39A8A}"
EndProject
Global
	GlobalSection(SolutionConfigurationPlatforms) = preSolution
		Debug|Any CPU = Debug|Any CPU
		Release|Any CPU = Release|Any CPU
	EndGlobalSection
	GlobalSection(ProjectConfigurationPlatforms) = postSolution
		{225A7C99-023C-4BF2-B86F-5B1EE2A39A8A}.Debug|Any CPU.ActiveCfg = Debug|Any CPU
		{225A7C99-023C-4BF2-B86F-5B1EE2A39A8A}.Debug|Any CPU.Build.0 = Debug|Any CPU
		{225A7C99-023C-4BF2-B86F-5B1EE2A39A8A}.Release|Any CPU.ActiveCfg = Release|Any CPU
		{225A7C99-023C-4BF2-B86F-5B1EE2A39A8A}.Release|Any CPU.Build.0 = Release|Any CPU
	EndGlobalSection
	GlobalSection(SolutionProperties) = preSolution
		HideSolutionNode = FALSE
	EndGlobalSection
	GlobalSection(ExtensibilityGlobals) = postSolution
		SolutionGuid = {F078A6C4-928E-40DA-AD50-11AC8DE4C6A5}
	EndGlobalSection
EndGlobal
